
Microsoft Visual Studio Solution File, Format Version 12.00
# Visual Studio Version 17
VisualStudioVersion = 17.7.34031.279
MinimumVisualStudioVersion = 10.0.40219.1
Project("{FAE04EC0-301F-11D3-BF4B-00C04F79EFBC}") = "LocalHealth1", "LocalHealth1\LocalHealth1.csproj", "{4EC986D7-CA47-4539-BEB4-4436F9AFAA52}"
EndProject
Global
	GlobalSection(SolutionConfigurationPlatforms) = preSolution
		Debug|Any CPU = Debug|Any CPU
		Release|Any CPU = Release|Any CPU
	EndGlobalSection
	GlobalSection(ProjectConfigurationPlatforms) = postSolution
		{4EC986D7-CA47-4539-BEB4-4436F9AFAA52}.Debug|Any CPU.ActiveCfg = Debug|Any CPU
		{4EC986D7-CA47-4539-BEB4-4436F9AFAA52}.Debug|Any CPU.Build.0 = Debug|Any CPU
		{4EC986D7-CA47-4539-BEB4-4436F9AFAA52}.Release|Any CPU.ActiveCfg = Release|Any CPU
		{4EC986D7-CA47-4539-BEB4-4436F9AFAA52}.Release|Any CPU.Build.0 = Release|Any CPU
	EndGlobalSection
	GlobalSection(SolutionProperties) = preSolution
		HideSolutionNode = FALSE
	EndGlobalSection
	GlobalSection(ExtensibilityGlobals) = postSolution
		SolutionGuid = {BD27C1D2-888E-426E-8C4C-4C7DD43DD337}
	EndGlobalSection
EndGlobal
